
Microsoft Visual Studio Solution File, Format Version 12.00
# Visual Studio Version 16
VisualStudioVersion = 16.0.30907.101
MinimumVisualStudioVersion = 10.0.40219.1
Project("{FAE04EC0-301F-11D3-BF4B-00C04F79EFBC}") = "Module_2_Task_6_Vasylchenko", "Module_2_Task_6_Vasylchenko\Module_2_Task_6_Vasylchenko.csproj", "{F93147AC-CAAD-4D93-AC25-3FF45563460A}"
EndProject
Global
	GlobalSection(SolutionConfigurationPlatforms) = preSolution
		Debug|Any CPU = Debug|Any CPU
		Release|Any CPU = Release|Any CPU
	EndGlobalSection
	GlobalSection(ProjectConfigurationPlatforms) = postSolution
		{F93147AC-CAAD-4D93-AC25-3FF45563460A}.Debug|Any CPU.ActiveCfg = Debug|Any CPU
		{F93147AC-CAAD-4D93-AC25-3FF45563460A}.Debug|Any CPU.Build.0 = Debug|Any CPU
		{F93147AC-CAAD-4D93-AC25-3FF45563460A}.Release|Any CPU.ActiveCfg = Release|Any CPU
		{F93147AC-CAAD-4D93-AC25-3FF45563460A}.Release|Any CPU.Build.0 = Release|Any CPU
	EndGlobalSection
	GlobalSection(SolutionProperties) = preSolution
		HideSolutionNode = FALSE
	EndGlobalSection
	GlobalSection(ExtensibilityGlobals) = postSolution
		SolutionGuid = {9E506986-9ED7-49AD-B917-36457B642773}
	EndGlobalSection
EndGlobal
